// !$*UTF8*$!
{
	archiveVersion = 1;
	classes = {
	};
	objectVersion = 46;
	objects = {

/* Begin PBXBuildFile section */
		6795F85D20CFAA5C0033D9C2 /* aa.jpg in Resources */ = {isa = PBXBuildFile; fileRef = 6795F85C20CFAA5C0033D9C2 /* aa.jpg */; };
		786CA6A720D28F24002AA6FF /* neon-1.png in Resources */ = {isa = PBXBuildFile; fileRef = 786CA6A620D28F24002AA6FF /* neon-1.png */; };
		786CA6A920D2911D002AA6FF /* water-3.png in Resources */ = {isa = PBXBuildFile; fileRef = 786CA6A820D2911D002AA6FF /* water-3.png */; };
		786CA6AB20D29942002AA6FF /* cloud-3.png in Resources */ = {isa = PBXBuildFile; fileRef = 786CA6AA20D29942002AA6FF /* cloud-3.png */; };
		786CA6AF20D299DF002AA6FF /* download.png in Resources */ = {isa = PBXBuildFile; fileRef = 786CA6AE20D299DF002AA6FF /* download.png */; };
		786CA6D120D3748C002AA6FF /* pattern.png in Resources */ = {isa = PBXBuildFile; fileRef = 786CA6D020D3748C002AA6FF /* pattern.png */; };
		78AE0BEF20CA37AB003DE933 /* Shader.metal in Sources */ = {isa = PBXBuildFile; fileRef = 78AE0BEE20CA37AB003DE933 /* Shader.metal */; };
		78AE0BF120CA37D0003DE933 /* Renderer.swift in Sources */ = {isa = PBXBuildFile; fileRef = 78AE0BF020CA37D0003DE933 /* Renderer.swift */; };
		78AE0BF320CA37F0003DE933 /* Types.swift in Sources */ = {isa = PBXBuildFile; fileRef = 78AE0BF220CA37F0003DE933 /* Types.swift */; };
		78AE0BF620CA381B003DE933 /* Node.swift in Sources */ = {isa = PBXBuildFile; fileRef = 78AE0BF520CA381B003DE933 /* Node.swift */; };
		78AE0BF820CA3835003DE933 /* Plane.swift in Sources */ = {isa = PBXBuildFile; fileRef = 78AE0BF720CA3835003DE933 /* Plane.swift */; };
		78AE0BFA20CA3853003DE933 /* Primitive.swift in Sources */ = {isa = PBXBuildFile; fileRef = 78AE0BF920CA3853003DE933 /* Primitive.swift */; };
		78AE0BFC20CA3870003DE933 /* Triangle.swift in Sources */ = {isa = PBXBuildFile; fileRef = 78AE0BFB20CA3870003DE933 /* Triangle.swift */; };
		78AE0BFF20CA3895003DE933 /* Maths.swift in Sources */ = {isa = PBXBuildFile; fileRef = 78AE0BFE20CA3895003DE933 /* Maths.swift */; };
		78AE0C0320CA38CD003DE933 /* BasicScene.swift in Sources */ = {isa = PBXBuildFile; fileRef = 78AE0C0220CA38CD003DE933 /* BasicScene.swift */; };
		78AE0C0520CA38DC003DE933 /* Scene.swift in Sources */ = {isa = PBXBuildFile; fileRef = 78AE0C0420CA38DC003DE933 /* Scene.swift */; };
		78AE0C0720CA38E8003DE933 /* TempScene.swift in Sources */ = {isa = PBXBuildFile; fileRef = 78AE0C0620CA38E8003DE933 /* TempScene.swift */; };
		78AE0C0920CA3948003DE933 /* BlueMarble.png in Resources */ = {isa = PBXBuildFile; fileRef = 78AE0C0820CA3948003DE933 /* BlueMarble.png */; };
		78AE0C0B20CA3ACA003DE933 /* Renderable.swift in Sources */ = {isa = PBXBuildFile; fileRef = 78AE0C0A20CA3ACA003DE933 /* Renderable.swift */; };
		78AE0C0F20CA80AF003DE933 /* Texturable.swift in Sources */ = {isa = PBXBuildFile; fileRef = 78AE0C0E20CA80AF003DE933 /* Texturable.swift */; };
		78AE0C1120CAAA81003DE933 /* test.jpg in Resources */ = {isa = PBXBuildFile; fileRef = 78AE0C1020CAAA80003DE933 /* test.jpg */; };
		78AE0C1320CAAC23003DE933 /* ttt.jpg in Resources */ = {isa = PBXBuildFile; fileRef = 78AE0C1220CAAC23003DE933 /* ttt.jpg */; };
		827F9E351DB09E7C001966D9 /* AppDelegate.swift in Sources */ = {isa = PBXBuildFile; fileRef = 827F9E341DB09E7C001966D9 /* AppDelegate.swift */; };
		827F9E371DB09E7C001966D9 /* ViewController.swift in Sources */ = {isa = PBXBuildFile; fileRef = 827F9E361DB09E7C001966D9 /* ViewController.swift */; };
		827F9E3A1DB09E7C001966D9 /* Main.storyboard in Resources */ = {isa = PBXBuildFile; fileRef = 827F9E381DB09E7C001966D9 /* Main.storyboard */; };
		827F9E3C1DB09E7C001966D9 /* Assets.xcassets in Resources */ = {isa = PBXBuildFile; fileRef = 827F9E3B1DB09E7C001966D9 /* Assets.xcassets */; };
		827F9E3F1DB09E7C001966D9 /* LaunchScreen.storyboard in Resources */ = {isa = PBXBuildFile; fileRef = 827F9E3D1DB09E7C001966D9 /* LaunchScreen.storyboard */; };
/* End PBXBuildFile section */

/* Begin PBXFileReference section */
		6795F85C20CFAA5C0033D9C2 /* aa.jpg */ = {isa = PBXFileReference; lastKnownFileType = image.jpeg; path = aa.jpg; sourceTree = "<group>"; };
		786CA6A620D28F24002AA6FF /* neon-1.png */ = {isa = PBXFileReference; lastKnownFileType = image.png; path = "neon-1.png"; sourceTree = "<group>"; };
		786CA6A820D2911D002AA6FF /* water-3.png */ = {isa = PBXFileReference; lastKnownFileType = image.png; path = "water-3.png"; sourceTree = "<group>"; };
		786CA6AA20D29942002AA6FF /* cloud-3.png */ = {isa = PBXFileReference; lastKnownFileType = image.png; path = "cloud-3.png"; sourceTree = "<group>"; };
		786CA6AE20D299DF002AA6FF /* download.png */ = {isa = PBXFileReference; lastKnownFileType = image.png; path = download.png; sourceTree = "<group>"; };
		786CA6D020D3748C002AA6FF /* pattern.png */ = {isa = PBXFileReference; lastKnownFileType = image.png; path = pattern.png; sourceTree = "<group>"; };
		78AE0BEE20CA37AB003DE933 /* Shader.metal */ = {isa = PBXFileReference; lastKnownFileType = sourcecode.metal; path = Shader.metal; sourceTree = "<group>"; };
		78AE0BF020CA37D0003DE933 /* Renderer.swift */ = {isa = PBXFileReference; lastKnownFileType = sourcecode.swift; path = Renderer.swift; sourceTree = "<group>"; };
		78AE0BF220CA37F0003DE933 /* Types.swift */ = {isa = PBXFileReference; lastKnownFileType = sourcecode.swift; path = Types.swift; sourceTree = "<group>"; };
		78AE0BF520CA381B003DE933 /* Node.swift */ = {isa = PBXFileReference; lastKnownFileType = sourcecode.swift; path = Node.swift; sourceTree = "<group>"; };
		78AE0BF720CA3835003DE933 /* Plane.swift */ = {isa = PBXFileReference; lastKnownFileType = sourcecode.swift; path = Plane.swift; sourceTree = "<group>"; };
		78AE0BF920CA3853003DE933 /* Primitive.swift */ = {isa = PBXFileReference; lastKnownFileType = sourcecode.swift; path = Primitive.swift; sourceTree = "<group>"; };
		78AE0BFB20CA3870003DE933 /* Triangle.swift */ = {isa = PBXFileReference; lastKnownFileType = sourcecode.swift; path = Triangle.swift; sourceTree = "<group>"; };
		78AE0BFE20CA3895003DE933 /* Maths.swift */ = {isa = PBXFileReference; lastKnownFileType = sourcecode.swift; path = Maths.swift; sourceTree = "<group>"; };
		78AE0C0220CA38CD003DE933 /* BasicScene.swift */ = {isa = PBXFileReference; lastKnownFileType = sourcecode.swift; path = BasicScene.swift; sourceTree = "<group>"; };
		78AE0C0420CA38DC003DE933 /* Scene.swift */ = {isa = PBXFileReference; lastKnownFileType = sourcecode.swift; path = Scene.swift; sourceTree = "<group>"; };
		78AE0C0620CA38E8003DE933 /* TempScene.swift */ = {isa = PBXFileReference; lastKnownFileType = sourcecode.swift; path = TempScene.swift; sourceTree = "<group>"; };
		78AE0C0820CA3948003DE933 /* BlueMarble.png */ = {isa = PBXFileReference; lastKnownFileType = image.png; path = BlueMarble.png; sourceTree = "<group>"; };
		78AE0C0A20CA3ACA003DE933 /* Renderable.swift */ = {isa = PBXFileReference; lastKnownFileType = sourcecode.swift; path = Renderable.swift; sourceTree = "<group>"; };
		78AE0C0E20CA80AF003DE933 /* Texturable.swift */ = {isa = PBXFileReference; lastKnownFileType = sourcecode.swift; path = Texturable.swift; sourceTree = "<group>"; };
		78AE0C1020CAAA80003DE933 /* test.jpg */ = {isa = PBXFileReference; lastKnownFileType = image.jpeg; path = test.jpg; sourceTree = "<group>"; };
		78AE0C1220CAAC23003DE933 /* ttt.jpg */ = {isa = PBXFileReference; lastKnownFileType = image.jpeg; path = ttt.jpg; sourceTree = "<group>"; };
		827F9E311DB09E7C001966D9 /* RayBreak.app */ = {isa = PBXFileReference; explicitFileType = wrapper.application; includeInIndex = 0; path = RayBreak.app; sourceTree = BUILT_PRODUCTS_DIR; };
		827F9E341DB09E7C001966D9 /* AppDelegate.swift */ = {isa = PBXFileReference; lastKnownFileType = sourcecode.swift; path = AppDelegate.swift; sourceTree = "<group>"; };
		827F9E361DB09E7C001966D9 /* ViewController.swift */ = {isa = PBXFileReference; lastKnownFileType = sourcecode.swift; path = ViewController.swift; sourceTree = "<group>"; };
		827F9E391DB09E7C001966D9 /* Base */ = {isa = PBXFileReference; lastKnownFileType = file.storyboard; name = Base; path = Base.lproj/Main.storyboard; sourceTree = "<group>"; };
		827F9E3B1DB09E7C001966D9 /* Assets.xcassets */ = {isa = PBXFileReference; lastKnownFileType = folder.assetcatalog; path = Assets.xcassets; sourceTree = "<group>"; };
		827F9E3E1DB09E7C001966D9 /* Base */ = {isa = PBXFileReference; lastKnownFileType = file.storyboard; name = Base; path = Base.lproj/LaunchScreen.storyboard; sourceTree = "<group>"; };
		827F9E401DB09E7C001966D9 /* Info.plist */ = {isa = PBXFileReference; lastKnownFileType = text.plist.xml; path = Info.plist; sourceTree = "<group>"; };
/* End PBXFileReference section */

/* Begin PBXFrameworksBuildPhase section */
		827F9E2E1DB09E7C001966D9 /* Frameworks */ = {
			isa = PBXFrameworksBuildPhase;
			buildActionMask = 2147483647;
			files = (
			);
			runOnlyForDeploymentPostprocessing = 0;
		};
/* End PBXFrameworksBuildPhase section */

/* Begin PBXGroup section */
		67B95AB920CE30F8009452CF /* Resourses */ = {
			isa = PBXGroup;
			children = (
				786CA6D020D3748C002AA6FF /* pattern.png */,
				786CA6AE20D299DF002AA6FF /* download.png */,
				786CA6AA20D29942002AA6FF /* cloud-3.png */,
				786CA6A820D2911D002AA6FF /* water-3.png */,
				786CA6A620D28F24002AA6FF /* neon-1.png */,
				78AE0C0820CA3948003DE933 /* BlueMarble.png */,
				78AE0C1020CAAA80003DE933 /* test.jpg */,
				78AE0C1220CAAC23003DE933 /* ttt.jpg */,
				6795F85C20CFAA5C0033D9C2 /* aa.jpg */,
			);
			path = Resourses;
			sourceTree = "<group>";
		};
		78AE0BF420CA380B003DE933 /* Node */ = {
			isa = PBXGroup;
			children = (
				78AE0BF520CA381B003DE933 /* Node.swift */,
				78AE0BF920CA3853003DE933 /* Primitive.swift */,
				78AE0BF720CA3835003DE933 /* Plane.swift */,
				78AE0BFB20CA3870003DE933 /* Triangle.swift */,
			);
			path = Node;
			sourceTree = "<group>";
		};
		78AE0BFD20CA3885003DE933 /* Maths */ = {
			isa = PBXGroup;
			children = (
				78AE0BFE20CA3895003DE933 /* Maths.swift */,
			);
			path = Maths;
			sourceTree = "<group>";
		};
		78AE0C0020CA38B4003DE933 /* Scene */ = {
			isa = PBXGroup;
			children = (
				78AE0C0420CA38DC003DE933 /* Scene.swift */,
				78AE0C0220CA38CD003DE933 /* BasicScene.swift */,
				78AE0C0620CA38E8003DE933 /* TempScene.swift */,
			);
			path = Scene;
			sourceTree = "<group>";
		};
		827F9E281DB09E7C001966D9 = {
			isa = PBXGroup;
			children = (
				827F9E331DB09E7C001966D9 /* RayBreak */,
				827F9E321DB09E7C001966D9 /* Products */,
			);
			sourceTree = "<group>";
		};
		827F9E321DB09E7C001966D9 /* Products */ = {
			isa = PBXGroup;
			children = (
				827F9E311DB09E7C001966D9 /* RayBreak.app */,
			);
			name = Products;
			sourceTree = "<group>";
		};
		827F9E331DB09E7C001966D9 /* RayBreak */ = {
			isa = PBXGroup;
			children = (
				67B95AB920CE30F8009452CF /* Resourses */,
				78AE0C0020CA38B4003DE933 /* Scene */,
				78AE0BFD20CA3885003DE933 /* Maths */,
				78AE0BF420CA380B003DE933 /* Node */,
				827F9E341DB09E7C001966D9 /* AppDelegate.swift */,
				827F9E361DB09E7C001966D9 /* ViewController.swift */,
				827F9E381DB09E7C001966D9 /* Main.storyboard */,
				827F9E3B1DB09E7C001966D9 /* Assets.xcassets */,
				827F9E3D1DB09E7C001966D9 /* LaunchScreen.storyboard */,
				827F9E401DB09E7C001966D9 /* Info.plist */,
				78AE0BEE20CA37AB003DE933 /* Shader.metal */,
				78AE0BF020CA37D0003DE933 /* Renderer.swift */,
				78AE0BF220CA37F0003DE933 /* Types.swift */,
				78AE0C0A20CA3ACA003DE933 /* Renderable.swift */,
				78AE0C0E20CA80AF003DE933 /* Texturable.swift */,
			);
			path = RayBreak;
			sourceTree = "<group>";
		};
/* End PBXGroup section */

/* Begin PBXNativeTarget section */
		827F9E301DB09E7C001966D9 /* RayBreak */ = {
			isa = PBXNativeTarget;
			buildConfigurationList = 827F9E431DB09E7C001966D9 /* Build configuration list for PBXNativeTarget "RayBreak" */;
			buildPhases = (
				827F9E2D1DB09E7C001966D9 /* Sources */,
				827F9E2E1DB09E7C001966D9 /* Frameworks */,
				827F9E2F1DB09E7C001966D9 /* Resources */,
			);
			buildRules = (
			);
			dependencies = (
			);
			name = RayBreak;
			productName = RayBreak;
			productReference = 827F9E311DB09E7C001966D9 /* RayBreak.app */;
			productType = "com.apple.product-type.application";
		};
/* End PBXNativeTarget section */

/* Begin PBXProject section */
		827F9E291DB09E7C001966D9 /* Project object */ = {
			isa = PBXProject;
			attributes = {
				LastSwiftUpdateCheck = 0800;
				LastUpgradeCheck = 0800;
				ORGANIZATIONNAME = caroline;
				TargetAttributes = {
					827F9E301DB09E7C001966D9 = {
						CreatedOnToolsVersion = 8.0;
						DevelopmentTeam = 69PLJFK56W;
						ProvisioningStyle = Automatic;
					};
				};
			};
			buildConfigurationList = 827F9E2C1DB09E7C001966D9 /* Build configuration list for PBXProject "RayBreak" */;
			compatibilityVersion = "Xcode 3.2";
			developmentRegion = English;
			hasScannedForEncodings = 0;
			knownRegions = (
				en,
				Base,
			);
			mainGroup = 827F9E281DB09E7C001966D9;
			productRefGroup = 827F9E321DB09E7C001966D9 /* Products */;
			projectDirPath = "";
			projectRoot = "";
			targets = (
				827F9E301DB09E7C001966D9 /* RayBreak */,
			);
		};
/* End PBXProject section */

/* Begin PBXResourcesBuildPhase section */
		827F9E2F1DB09E7C001966D9 /* Resources */ = {
			isa = PBXResourcesBuildPhase;
			buildActionMask = 2147483647;
			files = (
				78AE0C0920CA3948003DE933 /* BlueMarble.png in Resources */,
				827F9E3F1DB09E7C001966D9 /* LaunchScreen.storyboard in Resources */,
				6795F85D20CFAA5C0033D9C2 /* aa.jpg in Resources */,
				786CA6D120D3748C002AA6FF /* pattern.png in Resources */,
				786CA6A720D28F24002AA6FF /* neon-1.png in Resources */,
				78AE0C1320CAAC23003DE933 /* ttt.jpg in Resources */,
				827F9E3C1DB09E7C001966D9 /* Assets.xcassets in Resources */,
				827F9E3A1DB09E7C001966D9 /* Main.storyboard in Resources */,
				786CA6A920D2911D002AA6FF /* water-3.png in Resources */,
				78AE0C1120CAAA81003DE933 /* test.jpg in Resources */,
				786CA6AB20D29942002AA6FF /* cloud-3.png in Resources */,
				786CA6AF20D299DF002AA6FF /* download.png in Resources */,
			);
			runOnlyForDeploymentPostprocessing = 0;
		};
/* End PBXResourcesBuildPhase section */

/* Begin PBXSourcesBuildPhase section */
		827F9E2D1DB09E7C001966D9 /* Sources */ = {
			isa = PBXSourcesBuildPhase;
			buildActionMask = 2147483647;
			files = (
				78AE0BF120CA37D0003DE933 /* Renderer.swift in Sources */,
				78AE0BEF20CA37AB003DE933 /* Shader.metal in Sources */,
				827F9E371DB09E7C001966D9 /* ViewController.swift in Sources */,
				78AE0BFF20CA3895003DE933 /* Maths.swift in Sources */,
				78AE0C0F20CA80AF003DE933 /* Texturable.swift in Sources */,
				78AE0BFC20CA3870003DE933 /* Triangle.swift in Sources */,
				78AE0BFA20CA3853003DE933 /* Primitive.swift in Sources */,
				78AE0BF620CA381B003DE933 /* Node.swift in Sources */,
				78AE0BF320CA37F0003DE933 /* Types.swift in Sources */,
				78AE0C0520CA38DC003DE933 /* Scene.swift in Sources */,
				78AE0C0B20CA3ACA003DE933 /* Renderable.swift in Sources */,
				827F9E351DB09E7C001966D9 /* AppDelegate.swift in Sources */,
				78AE0C0320CA38CD003DE933 /* BasicScene.swift in Sources */,
				78AE0C0720CA38E8003DE933 /* TempScene.swift in Sources */,
				78AE0BF820CA3835003DE933 /* Plane.swift in Sources */,
			);
			runOnlyForDeploymentPostprocessing = 0;
		};
/* End PBXSourcesBuildPhase section */

/* Begin PBXVariantGroup section */
		827F9E381DB09E7C001966D9 /* Main.storyboard */ = {
			isa = PBXVariantGroup;
			children = (
				827F9E391DB09E7C001966D9 /* Base */,
			);
			name = Main.storyboard;
			sourceTree = "<group>";
		};
		827F9E3D1DB09E7C001966D9 /* LaunchScreen.storyboard */ = {
			isa = PBXVariantGroup;
			children = (
				827F9E3E1DB09E7C001966D9 /* Base */,
			);
			name = LaunchScreen.storyboard;
			sourceTree = "<group>";
		};
/* End PBXVariantGroup section */

/* Begin XCBuildConfiguration section */
		827F9E411DB09E7C001966D9 /* Debug */ = {
			isa = XCBuildConfiguration;
			buildSettings = {
				ALWAYS_SEARCH_USER_PATHS = NO;
				CLANG_ANALYZER_NONNULL = YES;
				CLANG_CXX_LANGUAGE_STANDARD = "gnu++0x";
				CLANG_CXX_LIBRARY = "libc++";
				CLANG_ENABLE_MODULES = YES;
				CLANG_ENABLE_OBJC_ARC = YES;
				CLANG_WARN_BOOL_CONVERSION = YES;
				CLANG_WARN_CONSTANT_CONVERSION = YES;
				CLANG_WARN_DIRECT_OBJC_ISA_USAGE = YES_ERROR;
				CLANG_WARN_DOCUMENTATION_COMMENTS = YES;
				CLANG_WARN_EMPTY_BODY = YES;
				CLANG_WARN_ENUM_CONVERSION = YES;
				CLANG_WARN_INFINITE_RECURSION = YES;
				CLANG_WARN_INT_CONVERSION = YES;
				CLANG_WARN_OBJC_ROOT_CLASS = YES_ERROR;
				CLANG_WARN_SUSPICIOUS_MOVES = YES;
				CLANG_WARN_UNREACHABLE_CODE = YES;
				CLANG_WARN__DUPLICATE_METHOD_MATCH = YES;
				"CODE_SIGN_IDENTITY[sdk=iphoneos*]" = "iPhone Developer";
				COPY_PHASE_STRIP = NO;
				DEBUG_INFORMATION_FORMAT = dwarf;
				ENABLE_STRICT_OBJC_MSGSEND = YES;
				ENABLE_TESTABILITY = YES;
				GCC_C_LANGUAGE_STANDARD = gnu99;
				GCC_DYNAMIC_NO_PIC = NO;
				GCC_NO_COMMON_BLOCKS = YES;
				GCC_OPTIMIZATION_LEVEL = 0;
				GCC_PREPROCESSOR_DEFINITIONS = (
					"DEBUG=1",
					"$(inherited)",
				);
				GCC_WARN_64_TO_32_BIT_CONVERSION = YES;
				GCC_WARN_ABOUT_RETURN_TYPE = YES_ERROR;
				GCC_WARN_UNDECLARED_SELECTOR = YES;
				GCC_WARN_UNINITIALIZED_AUTOS = YES_AGGRESSIVE;
				GCC_WARN_UNUSED_FUNCTION = YES;
				GCC_WARN_UNUSED_VARIABLE = YES;
				IPHONEOS_DEPLOYMENT_TARGET = 10.0;
				MTL_ENABLE_DEBUG_INFO = YES;
				ONLY_ACTIVE_ARCH = YES;
				SDKROOT = iphoneos;
				SWIFT_ACTIVE_COMPILATION_CONDITIONS = DEBUG;
				SWIFT_OPTIMIZATION_LEVEL = "-Onone";
				TARGETED_DEVICE_FAMILY = "1,2";
			};
			name = Debug;
		};
		827F9E421DB09E7C001966D9 /* Release */ = {
			isa = XCBuildConfiguration;
			buildSettings = {
				ALWAYS_SEARCH_USER_PATHS = NO;
				CLANG_ANALYZER_NONNULL = YES;
				CLANG_CXX_LANGUAGE_STANDARD = "gnu++0x";
				CLANG_CXX_LIBRARY = "libc++";
				CLANG_ENABLE_MODULES = YES;
				CLANG_ENABLE_OBJC_ARC = YES;
				CLANG_WARN_BOOL_CONVERSION = YES;
				CLANG_WARN_CONSTANT_CONVERSION = YES;
				CLANG_WARN_DIRECT_OBJC_ISA_USAGE = YES_ERROR;
				CLANG_WARN_DOCUMENTATION_COMMENTS = YES;
				CLANG_WARN_EMPTY_BODY = YES;
				CLANG_WARN_ENUM_CONVERSION = YES;
				CLANG_WARN_INFINITE_RECURSION = YES;
				CLANG_WARN_INT_CONVERSION = YES;
				CLANG_WARN_OBJC_ROOT_CLASS = YES_ERROR;
				CLANG_WARN_SUSPICIOUS_MOVES = YES;
				CLANG_WARN_UNREACHABLE_CODE = YES;
				CLANG_WARN__DUPLICATE_METHOD_MATCH = YES;
				"CODE_SIGN_IDENTITY[sdk=iphoneos*]" = "iPhone Developer";
				COPY_PHASE_STRIP = NO;
				DEBUG_INFORMATION_FORMAT = "dwarf-with-dsym";
				ENABLE_NS_ASSERTIONS = NO;
				ENABLE_STRICT_OBJC_MSGSEND = YES;
				GCC_C_LANGUAGE_STANDARD = gnu99;
				GCC_NO_COMMON_BLOCKS = YES;
				GCC_WARN_64_TO_32_BIT_CONVERSION = YES;
				GCC_WARN_ABOUT_RETURN_TYPE = YES_ERROR;
				GCC_WARN_UNDECLARED_SELECTOR = YES;
				GCC_WARN_UNINITIALIZED_AUTOS = YES_AGGRESSIVE;
				GCC_WARN_UNUSED_FUNCTION = YES;
				GCC_WARN_UNUSED_VARIABLE = YES;
				IPHONEOS_DEPLOYMENT_TARGET = 10.0;
				MTL_ENABLE_DEBUG_INFO = NO;
				SDKROOT = iphoneos;
				SWIFT_OPTIMIZATION_LEVEL = "-Owholemodule";
				TARGETED_DEVICE_FAMILY = "1,2";
				VALIDATE_PRODUCT = YES;
			};
			name = Release;
		};
		827F9E441DB09E7C001966D9 /* Debug */ = {
			isa = XCBuildConfiguration;
			buildSettings = {
				ASSETCATALOG_COMPILER_APPICON_NAME = AppIcon;
				DEVELOPMENT_TEAM = 69PLJFK56W;
				INFOPLIST_FILE = RayBreak/Info.plist;
				IPHONEOS_DEPLOYMENT_TARGET = 9.0;
				LD_RUNPATH_SEARCH_PATHS = "$(inherited) @executable_path/Frameworks";
				PRODUCT_BUNDLE_IDENTIFIER = com.caroline.RayBreak;
				PRODUCT_NAME = "$(TARGET_NAME)";
				SWIFT_VERSION = 4.0;
			};
			name = Debug;
		};
		827F9E451DB09E7C001966D9 /* Release */ = {
			isa = XCBuildConfiguration;
			buildSettings = {
				ASSETCATALOG_COMPILER_APPICON_NAME = AppIcon;
				DEVELOPMENT_TEAM = 69PLJFK56W;
				INFOPLIST_FILE = RayBreak/Info.plist;
				IPHONEOS_DEPLOYMENT_TARGET = 9.0;
				LD_RUNPATH_SEARCH_PATHS = "$(inherited) @executable_path/Frameworks";
				PRODUCT_BUNDLE_IDENTIFIER = com.caroline.RayBreak;
				PRODUCT_NAME = "$(TARGET_NAME)";
				SWIFT_VERSION = 4.0;
			};
			name = Release;
		};
/* End XCBuildConfiguration section */

/* Begin XCConfigurationList section */
		827F9E2C1DB09E7C001966D9 /* Build configuration list for PBXProject "RayBreak" */ = {
			isa = XCConfigurationList;
			buildConfigurations = (
				827F9E411DB09E7C001966D9 /* Debug */,
				827F9E421DB09E7C001966D9 /* Release */,
			);
			defaultConfigurationIsVisible = 0;
			defaultConfigurationName = Release;
		};
		827F9E431DB09E7C001966D9 /* Build configuration list for PBXNativeTarget "RayBreak" */ = {
			isa = XCConfigurationList;
			buildConfigurations = (
				827F9E441DB09E7C001966D9 /* Debug */,
				827F9E451DB09E7C001966D9 /* Release */,
			);
			defaultConfigurationIsVisible = 0;
			defaultConfigurationName = Release;
		};
/* End XCConfigurationList section */
	};
	rootObject = 827F9E291DB09E7C001966D9 /* Project object */;
}
