// !$*UTF8*$!
{
	archiveVersion = 1;
	classes = {
	};
	objectVersion = 46;
	objects = {

/* Begin PBXBuildFile section */
		67786F1620D1367A00F8A02A /* Square.swift in Sources */ = {isa = PBXBuildFile; fileRef = 67786F1520D1367A00F8A02A /* Square.swift */; };
		6795F85D20CFAA5C0033D9C2 /* aa.jpg in Resources */ = {isa = PBXBuildFile; fileRef = 6795F85C20CFAA5C0033D9C2 /* aa.jpg */; };
		67B27CBD20D2739E00D57273 /* neon.png in Resources */ = {isa = PBXBuildFile; fileRef = 67B27CBC20D2739E00D57273 /* neon.png */; };
		67D7D55920D37A1B003C1B3E /* waterColor.png in Resources */ = {isa = PBXBuildFile; fileRef = 67D7D55820D37A1B003C1B3E /* waterColor.png */; };
		67D7D57A20D3B17A003C1B3E /* generative-1.png in Resources */ = {isa = PBXBuildFile; fileRef = 67D7D55C20D3B176003C1B3E /* generative-1.png */; };
		67D7D57B20D3B17A003C1B3E /* pattern.png in Resources */ = {isa = PBXBuildFile; fileRef = 67D7D55D20D3B176003C1B3E /* pattern.png */; };
		67D7D57C20D3B17A003C1B3E /* pencil-2.png in Resources */ = {isa = PBXBuildFile; fileRef = 67D7D55E20D3B177003C1B3E /* pencil-2.png */; };
		67D7D57D20D3B17A003C1B3E /* chalk-1.png in Resources */ = {isa = PBXBuildFile; fileRef = 67D7D55F20D3B177003C1B3E /* chalk-1.png */; };
		67D7D57E20D3B17A003C1B3E /* water-mask.png in Resources */ = {isa = PBXBuildFile; fileRef = 67D7D56020D3B177003C1B3E /* water-mask.png */; };
		67D7D57F20D3B17A003C1B3E /* cloud-3.png in Resources */ = {isa = PBXBuildFile; fileRef = 67D7D56120D3B177003C1B3E /* cloud-3.png */; };
		67D7D58020D3B17A003C1B3E /* highlighter_sharp-1.png in Resources */ = {isa = PBXBuildFile; fileRef = 67D7D56220D3B177003C1B3E /* highlighter_sharp-1.png */; };
		67D7D58120D3B17A003C1B3E /* water-2.png in Resources */ = {isa = PBXBuildFile; fileRef = 67D7D56320D3B177003C1B3E /* water-2.png */; };
		67D7D58220D3B17A003C1B3E /* oil-3.png in Resources */ = {isa = PBXBuildFile; fileRef = 67D7D56420D3B177003C1B3E /* oil-3.png */; };
		67D7D58320D3B17A003C1B3E /* water-1.png in Resources */ = {isa = PBXBuildFile; fileRef = 67D7D56520D3B177003C1B3E /* water-1.png */; };
		67D7D58420D3B17A003C1B3E /* pencil-4.png in Resources */ = {isa = PBXBuildFile; fileRef = 67D7D56620D3B177003C1B3E /* pencil-4.png */; };
		67D7D58520D3B17A003C1B3E /* chalk-2.png in Resources */ = {isa = PBXBuildFile; fileRef = 67D7D56720D3B177003C1B3E /* chalk-2.png */; };
		67D7D58620D3B17A003C1B3E /* cloud-1.png in Resources */ = {isa = PBXBuildFile; fileRef = 67D7D56820D3B177003C1B3E /* cloud-1.png */; };
		67D7D58720D3B17A003C1B3E /* oil-1.png in Resources */ = {isa = PBXBuildFile; fileRef = 67D7D56920D3B177003C1B3E /* oil-1.png */; };
		67D7D58820D3B17A003C1B3E /* oil-2.png in Resources */ = {isa = PBXBuildFile; fileRef = 67D7D56A20D3B177003C1B3E /* oil-2.png */; };
		67D7D58920D3B17A003C1B3E /* kid-pencil-1.png in Resources */ = {isa = PBXBuildFile; fileRef = 67D7D56B20D3B178003C1B3E /* kid-pencil-1.png */; };
		67D7D58A20D3B17A003C1B3E /* kid-watercolor-1.png in Resources */ = {isa = PBXBuildFile; fileRef = 67D7D56C20D3B178003C1B3E /* kid-watercolor-1.png */; };
		67D7D58B20D3B17A003C1B3E /* chalk-3.png in Resources */ = {isa = PBXBuildFile; fileRef = 67D7D56D20D3B178003C1B3E /* chalk-3.png */; };
		67D7D58C20D3B17A003C1B3E /* spray-2.png in Resources */ = {isa = PBXBuildFile; fileRef = 67D7D56E20D3B178003C1B3E /* spray-2.png */; };
		67D7D58D20D3B17A003C1B3E /* neon-1.png in Resources */ = {isa = PBXBuildFile; fileRef = 67D7D56F20D3B178003C1B3E /* neon-1.png */; };
		67D7D58E20D3B17A003C1B3E /* line-pattern.png in Resources */ = {isa = PBXBuildFile; fileRef = 67D7D57020D3B178003C1B3E /* line-pattern.png */; };
		67D7D58F20D3B17A003C1B3E /* spray-3.png in Resources */ = {isa = PBXBuildFile; fileRef = 67D7D57120D3B178003C1B3E /* spray-3.png */; };
		67D7D59020D3B17A003C1B3E /* water-3.png in Resources */ = {isa = PBXBuildFile; fileRef = 67D7D57220D3B178003C1B3E /* water-3.png */; };
		67D7D59120D3B17A003C1B3E /* cloud-2.png in Resources */ = {isa = PBXBuildFile; fileRef = 67D7D57320D3B178003C1B3E /* cloud-2.png */; };
		67D7D59220D3B17A003C1B3E /* gradient-1.png in Resources */ = {isa = PBXBuildFile; fileRef = 67D7D57420D3B179003C1B3E /* gradient-1.png */; };
		67D7D59320D3B17A003C1B3E /* highlighter-1.png in Resources */ = {isa = PBXBuildFile; fileRef = 67D7D57520D3B179003C1B3E /* highlighter-1.png */; };
		67D7D59420D3B17A003C1B3E /* pen-1.png in Resources */ = {isa = PBXBuildFile; fileRef = 67D7D57620D3B179003C1B3E /* pen-1.png */; };
		67D7D59520D3B17A003C1B3E /* pencil-1.png in Resources */ = {isa = PBXBuildFile; fileRef = 67D7D57720D3B179003C1B3E /* pencil-1.png */; };
		67D7D59620D3B17A003C1B3E /* pencil-3.png in Resources */ = {isa = PBXBuildFile; fileRef = 67D7D57820D3B179003C1B3E /* pencil-3.png */; };
		67D7D59720D3B17A003C1B3E /* spray-1.png in Resources */ = {isa = PBXBuildFile; fileRef = 67D7D57920D3B179003C1B3E /* spray-1.png */; };
		67D7D59B20D3B38E003C1B3E /* 3d.png in Resources */ = {isa = PBXBuildFile; fileRef = 67D7D59A20D3B38E003C1B3E /* 3d.png */; };
		78AE0BEF20CA37AB003DE933 /* Shader.metal in Sources */ = {isa = PBXBuildFile; fileRef = 78AE0BEE20CA37AB003DE933 /* Shader.metal */; };
		78AE0BF120CA37D0003DE933 /* Renderer.swift in Sources */ = {isa = PBXBuildFile; fileRef = 78AE0BF020CA37D0003DE933 /* Renderer.swift */; };
		78AE0BF320CA37F0003DE933 /* Types.swift in Sources */ = {isa = PBXBuildFile; fileRef = 78AE0BF220CA37F0003DE933 /* Types.swift */; };
		78AE0BF620CA381B003DE933 /* Node.swift in Sources */ = {isa = PBXBuildFile; fileRef = 78AE0BF520CA381B003DE933 /* Node.swift */; };
		78AE0BF820CA3835003DE933 /* Plane.swift in Sources */ = {isa = PBXBuildFile; fileRef = 78AE0BF720CA3835003DE933 /* Plane.swift */; };
		78AE0BFA20CA3853003DE933 /* Primitive.swift in Sources */ = {isa = PBXBuildFile; fileRef = 78AE0BF920CA3853003DE933 /* Primitive.swift */; };
		78AE0BFC20CA3870003DE933 /* Triangle.swift in Sources */ = {isa = PBXBuildFile; fileRef = 78AE0BFB20CA3870003DE933 /* Triangle.swift */; };
		78AE0BFF20CA3895003DE933 /* Maths.swift in Sources */ = {isa = PBXBuildFile; fileRef = 78AE0BFE20CA3895003DE933 /* Maths.swift */; };
		78AE0C0320CA38CD003DE933 /* BasicScene.swift in Sources */ = {isa = PBXBuildFile; fileRef = 78AE0C0220CA38CD003DE933 /* BasicScene.swift */; };
		78AE0C0520CA38DC003DE933 /* Scene.swift in Sources */ = {isa = PBXBuildFile; fileRef = 78AE0C0420CA38DC003DE933 /* Scene.swift */; };
		78AE0C0720CA38E8003DE933 /* TempScene.swift in Sources */ = {isa = PBXBuildFile; fileRef = 78AE0C0620CA38E8003DE933 /* TempScene.swift */; };
		78AE0C0B20CA3ACA003DE933 /* Renderable.swift in Sources */ = {isa = PBXBuildFile; fileRef = 78AE0C0A20CA3ACA003DE933 /* Renderable.swift */; };
		78AE0C0F20CA80AF003DE933 /* Texturable.swift in Sources */ = {isa = PBXBuildFile; fileRef = 78AE0C0E20CA80AF003DE933 /* Texturable.swift */; };
		827F9E351DB09E7C001966D9 /* AppDelegate.swift in Sources */ = {isa = PBXBuildFile; fileRef = 827F9E341DB09E7C001966D9 /* AppDelegate.swift */; };
		827F9E371DB09E7C001966D9 /* ViewController.swift in Sources */ = {isa = PBXBuildFile; fileRef = 827F9E361DB09E7C001966D9 /* ViewController.swift */; };
		827F9E3A1DB09E7C001966D9 /* Main.storyboard in Resources */ = {isa = PBXBuildFile; fileRef = 827F9E381DB09E7C001966D9 /* Main.storyboard */; };
		827F9E3C1DB09E7C001966D9 /* Assets.xcassets in Resources */ = {isa = PBXBuildFile; fileRef = 827F9E3B1DB09E7C001966D9 /* Assets.xcassets */; };
		827F9E3F1DB09E7C001966D9 /* LaunchScreen.storyboard in Resources */ = {isa = PBXBuildFile; fileRef = 827F9E3D1DB09E7C001966D9 /* LaunchScreen.storyboard */; };
/* End PBXBuildFile section */

/* Begin PBXFileReference section */
		67786F1520D1367A00F8A02A /* Square.swift */ = {isa = PBXFileReference; lastKnownFileType = sourcecode.swift; path = Square.swift; sourceTree = "<group>"; };
		6795F85C20CFAA5C0033D9C2 /* aa.jpg */ = {isa = PBXFileReference; lastKnownFileType = image.jpeg; path = aa.jpg; sourceTree = "<group>"; };
		67B27CBC20D2739E00D57273 /* neon.png */ = {isa = PBXFileReference; lastKnownFileType = image.png; path = neon.png; sourceTree = "<group>"; };
		67D7D55820D37A1B003C1B3E /* waterColor.png */ = {isa = PBXFileReference; lastKnownFileType = image.png; path = waterColor.png; sourceTree = "<group>"; };
		67D7D55C20D3B176003C1B3E /* generative-1.png */ = {isa = PBXFileReference; lastKnownFileType = image.png; path = "generative-1.png"; sourceTree = "<group>"; };
		67D7D55D20D3B176003C1B3E /* pattern.png */ = {isa = PBXFileReference; lastKnownFileType = image.png; path = pattern.png; sourceTree = "<group>"; };
		67D7D55E20D3B177003C1B3E /* pencil-2.png */ = {isa = PBXFileReference; lastKnownFileType = image.png; path = "pencil-2.png"; sourceTree = "<group>"; };
		67D7D55F20D3B177003C1B3E /* chalk-1.png */ = {isa = PBXFileReference; lastKnownFileType = image.png; path = "chalk-1.png"; sourceTree = "<group>"; };
		67D7D56020D3B177003C1B3E /* water-mask.png */ = {isa = PBXFileReference; lastKnownFileType = image.png; path = "water-mask.png"; sourceTree = "<group>"; };
		67D7D56120D3B177003C1B3E /* cloud-3.png */ = {isa = PBXFileReference; lastKnownFileType = image.png; path = "cloud-3.png"; sourceTree = "<group>"; };
		67D7D56220D3B177003C1B3E /* highlighter_sharp-1.png */ = {isa = PBXFileReference; lastKnownFileType = image.png; path = "highlighter_sharp-1.png"; sourceTree = "<group>"; };
		67D7D56320D3B177003C1B3E /* water-2.png */ = {isa = PBXFileReference; lastKnownFileType = image.png; path = "water-2.png"; sourceTree = "<group>"; };
		67D7D56420D3B177003C1B3E /* oil-3.png */ = {isa = PBXFileReference; lastKnownFileType = image.png; path = "oil-3.png"; sourceTree = "<group>"; };
		67D7D56520D3B177003C1B3E /* water-1.png */ = {isa = PBXFileReference; lastKnownFileType = image.png; path = "water-1.png"; sourceTree = "<group>"; };
		67D7D56620D3B177003C1B3E /* pencil-4.png */ = {isa = PBXFileReference; lastKnownFileType = image.png; path = "pencil-4.png"; sourceTree = "<group>"; };
		67D7D56720D3B177003C1B3E /* chalk-2.png */ = {isa = PBXFileReference; lastKnownFileType = image.png; path = "chalk-2.png"; sourceTree = "<group>"; };
		67D7D56820D3B177003C1B3E /* cloud-1.png */ = {isa = PBXFileReference; lastKnownFileType = image.png; path = "cloud-1.png"; sourceTree = "<group>"; };
		67D7D56920D3B177003C1B3E /* oil-1.png */ = {isa = PBXFileReference; lastKnownFileType = image.png; path = "oil-1.png"; sourceTree = "<group>"; };
		67D7D56A20D3B177003C1B3E /* oil-2.png */ = {isa = PBXFileReference; lastKnownFileType = image.png; path = "oil-2.png"; sourceTree = "<group>"; };
		67D7D56B20D3B178003C1B3E /* kid-pencil-1.png */ = {isa = PBXFileReference; lastKnownFileType = image.png; path = "kid-pencil-1.png"; sourceTree = "<group>"; };
		67D7D56C20D3B178003C1B3E /* kid-watercolor-1.png */ = {isa = PBXFileReference; lastKnownFileType = image.png; path = "kid-watercolor-1.png"; sourceTree = "<group>"; };
		67D7D56D20D3B178003C1B3E /* chalk-3.png */ = {isa = PBXFileReference; lastKnownFileType = image.png; path = "chalk-3.png"; sourceTree = "<group>"; };
		67D7D56E20D3B178003C1B3E /* spray-2.png */ = {isa = PBXFileReference; lastKnownFileType = image.png; path = "spray-2.png"; sourceTree = "<group>"; };
		67D7D56F20D3B178003C1B3E /* neon-1.png */ = {isa = PBXFileReference; lastKnownFileType = image.png; path = "neon-1.png"; sourceTree = "<group>"; };
		67D7D57020D3B178003C1B3E /* line-pattern.png */ = {isa = PBXFileReference; lastKnownFileType = image.png; path = "line-pattern.png"; sourceTree = "<group>"; };
		67D7D57120D3B178003C1B3E /* spray-3.png */ = {isa = PBXFileReference; lastKnownFileType = image.png; path = "spray-3.png"; sourceTree = "<group>"; };
		67D7D57220D3B178003C1B3E /* water-3.png */ = {isa = PBXFileReference; lastKnownFileType = image.png; path = "water-3.png"; sourceTree = "<group>"; };
		67D7D57320D3B178003C1B3E /* cloud-2.png */ = {isa = PBXFileReference; lastKnownFileType = image.png; path = "cloud-2.png"; sourceTree = "<group>"; };
		67D7D57420D3B179003C1B3E /* gradient-1.png */ = {isa = PBXFileReference; lastKnownFileType = image.png; path = "gradient-1.png"; sourceTree = "<group>"; };
		67D7D57520D3B179003C1B3E /* highlighter-1.png */ = {isa = PBXFileReference; lastKnownFileType = image.png; path = "highlighter-1.png"; sourceTree = "<group>"; };
		67D7D57620D3B179003C1B3E /* pen-1.png */ = {isa = PBXFileReference; lastKnownFileType = image.png; path = "pen-1.png"; sourceTree = "<group>"; };
		67D7D57720D3B179003C1B3E /* pencil-1.png */ = {isa = PBXFileReference; lastKnownFileType = image.png; path = "pencil-1.png"; sourceTree = "<group>"; };
		67D7D57820D3B179003C1B3E /* pencil-3.png */ = {isa = PBXFileReference; lastKnownFileType = image.png; path = "pencil-3.png"; sourceTree = "<group>"; };
		67D7D57920D3B179003C1B3E /* spray-1.png */ = {isa = PBXFileReference; lastKnownFileType = image.png; path = "spray-1.png"; sourceTree = "<group>"; };
		67D7D59A20D3B38E003C1B3E /* 3d.png */ = {isa = PBXFileReference; lastKnownFileType = image.png; path = 3d.png; sourceTree = "<group>"; };
		78AE0BEE20CA37AB003DE933 /* Shader.metal */ = {isa = PBXFileReference; lastKnownFileType = sourcecode.metal; path = Shader.metal; sourceTree = "<group>"; };
		78AE0BF020CA37D0003DE933 /* Renderer.swift */ = {isa = PBXFileReference; lastKnownFileType = sourcecode.swift; path = Renderer.swift; sourceTree = "<group>"; };
		78AE0BF220CA37F0003DE933 /* Types.swift */ = {isa = PBXFileReference; lastKnownFileType = sourcecode.swift; path = Types.swift; sourceTree = "<group>"; };
		78AE0BF520CA381B003DE933 /* Node.swift */ = {isa = PBXFileReference; lastKnownFileType = sourcecode.swift; path = Node.swift; sourceTree = "<group>"; };
		78AE0BF720CA3835003DE933 /* Plane.swift */ = {isa = PBXFileReference; lastKnownFileType = sourcecode.swift; path = Plane.swift; sourceTree = "<group>"; };
		78AE0BF920CA3853003DE933 /* Primitive.swift */ = {isa = PBXFileReference; lastKnownFileType = sourcecode.swift; path = Primitive.swift; sourceTree = "<group>"; };
		78AE0BFB20CA3870003DE933 /* Triangle.swift */ = {isa = PBXFileReference; lastKnownFileType = sourcecode.swift; path = Triangle.swift; sourceTree = "<group>"; };
		78AE0BFE20CA3895003DE933 /* Maths.swift */ = {isa = PBXFileReference; lastKnownFileType = sourcecode.swift; path = Maths.swift; sourceTree = "<group>"; };
		78AE0C0220CA38CD003DE933 /* BasicScene.swift */ = {isa = PBXFileReference; lastKnownFileType = sourcecode.swift; path = BasicScene.swift; sourceTree = "<group>"; };
		78AE0C0420CA38DC003DE933 /* Scene.swift */ = {isa = PBXFileReference; lastKnownFileType = sourcecode.swift; path = Scene.swift; sourceTree = "<group>"; };
		78AE0C0620CA38E8003DE933 /* TempScene.swift */ = {isa = PBXFileReference; lastKnownFileType = sourcecode.swift; path = TempScene.swift; sourceTree = "<group>"; };
		78AE0C0A20CA3ACA003DE933 /* Renderable.swift */ = {isa = PBXFileReference; lastKnownFileType = sourcecode.swift; path = Renderable.swift; sourceTree = "<group>"; };
		78AE0C0E20CA80AF003DE933 /* Texturable.swift */ = {isa = PBXFileReference; lastKnownFileType = sourcecode.swift; path = Texturable.swift; sourceTree = "<group>"; };
		827F9E311DB09E7C001966D9 /* RayBreak.app */ = {isa = PBXFileReference; explicitFileType = wrapper.application; includeInIndex = 0; path = RayBreak.app; sourceTree = BUILT_PRODUCTS_DIR; };
		827F9E341DB09E7C001966D9 /* AppDelegate.swift */ = {isa = PBXFileReference; lastKnownFileType = sourcecode.swift; path = AppDelegate.swift; sourceTree = "<group>"; };
		827F9E361DB09E7C001966D9 /* ViewController.swift */ = {isa = PBXFileReference; lastKnownFileType = sourcecode.swift; path = ViewController.swift; sourceTree = "<group>"; };
		827F9E391DB09E7C001966D9 /* Base */ = {isa = PBXFileReference; lastKnownFileType = file.storyboard; name = Base; path = Base.lproj/Main.storyboard; sourceTree = "<group>"; };
		827F9E3B1DB09E7C001966D9 /* Assets.xcassets */ = {isa = PBXFileReference; lastKnownFileType = folder.assetcatalog; path = Assets.xcassets; sourceTree = "<group>"; };
		827F9E3E1DB09E7C001966D9 /* Base */ = {isa = PBXFileReference; lastKnownFileType = file.storyboard; name = Base; path = Base.lproj/LaunchScreen.storyboard; sourceTree = "<group>"; };
		827F9E401DB09E7C001966D9 /* Info.plist */ = {isa = PBXFileReference; lastKnownFileType = text.plist.xml; path = Info.plist; sourceTree = "<group>"; };
/* End PBXFileReference section */

/* Begin PBXFrameworksBuildPhase section */
		827F9E2E1DB09E7C001966D9 /* Frameworks */ = {
			isa = PBXFrameworksBuildPhase;
			buildActionMask = 2147483647;
			files = (
			);
			runOnlyForDeploymentPostprocessing = 0;
		};
/* End PBXFrameworksBuildPhase section */

/* Begin PBXGroup section */
		67B95AB920CE30F8009452CF /* Resourses */ = {
			isa = PBXGroup;
			children = (
				67D7D59820D3B35D003C1B3E /* DrawingBrushes */,
				67D7D59920D3B37B003C1B3E /* 3DBrushes */,
				67D7D59C20D3B3AA003C1B3E /* Background */,
			);
			path = Resourses;
			sourceTree = "<group>";
		};
		67D7D59820D3B35D003C1B3E /* DrawingBrushes */ = {
			isa = PBXGroup;
			children = (
				67D7D55F20D3B177003C1B3E /* chalk-1.png */,
				67D7D56720D3B177003C1B3E /* chalk-2.png */,
				67D7D56D20D3B178003C1B3E /* chalk-3.png */,
				67D7D56820D3B177003C1B3E /* cloud-1.png */,
				67D7D57320D3B178003C1B3E /* cloud-2.png */,
				67D7D56120D3B177003C1B3E /* cloud-3.png */,
				67D7D55C20D3B176003C1B3E /* generative-1.png */,
				67D7D57420D3B179003C1B3E /* gradient-1.png */,
				67D7D56220D3B177003C1B3E /* highlighter_sharp-1.png */,
				67D7D57520D3B179003C1B3E /* highlighter-1.png */,
				67D7D56B20D3B178003C1B3E /* kid-pencil-1.png */,
				67D7D56C20D3B178003C1B3E /* kid-watercolor-1.png */,
				67D7D57020D3B178003C1B3E /* line-pattern.png */,
				67D7D56F20D3B178003C1B3E /* neon-1.png */,
				67D7D56920D3B177003C1B3E /* oil-1.png */,
				67D7D56A20D3B177003C1B3E /* oil-2.png */,
				67D7D56420D3B177003C1B3E /* oil-3.png */,
				67D7D55D20D3B176003C1B3E /* pattern.png */,
				67D7D57620D3B179003C1B3E /* pen-1.png */,
				67D7D57720D3B179003C1B3E /* pencil-1.png */,
				67D7D55E20D3B177003C1B3E /* pencil-2.png */,
				67D7D57820D3B179003C1B3E /* pencil-3.png */,
				67D7D56620D3B177003C1B3E /* pencil-4.png */,
				67D7D57920D3B179003C1B3E /* spray-1.png */,
				67D7D56E20D3B178003C1B3E /* spray-2.png */,
				67D7D57120D3B178003C1B3E /* spray-3.png */,
				67D7D56520D3B177003C1B3E /* water-1.png */,
				67D7D56320D3B177003C1B3E /* water-2.png */,
				67D7D57220D3B178003C1B3E /* water-3.png */,
				67D7D56020D3B177003C1B3E /* water-mask.png */,
				67D7D55820D37A1B003C1B3E /* waterColor.png */,
				67B27CBC20D2739E00D57273 /* neon.png */,
			);
			path = DrawingBrushes;
			sourceTree = "<group>";
		};
		67D7D59920D3B37B003C1B3E /* 3DBrushes */ = {
			isa = PBXGroup;
			children = (
				67D7D59A20D3B38E003C1B3E /* 3d.png */,
			);
			path = 3DBrushes;
			sourceTree = "<group>";
		};
		67D7D59C20D3B3AA003C1B3E /* Background */ = {
			isa = PBXGroup;
			children = (
				6795F85C20CFAA5C0033D9C2 /* aa.jpg */,
			);
			path = Background;
			sourceTree = "<group>";
		};
		78AE0BF420CA380B003DE933 /* Node */ = {
			isa = PBXGroup;
			children = (
				78AE0BF520CA381B003DE933 /* Node.swift */,
				78AE0BF920CA3853003DE933 /* Primitive.swift */,
				78AE0BF720CA3835003DE933 /* Plane.swift */,
				67786F1520D1367A00F8A02A /* Square.swift */,
				78AE0BFB20CA3870003DE933 /* Triangle.swift */,
			);
			path = Node;
			sourceTree = "<group>";
		};
		78AE0BFD20CA3885003DE933 /* Maths */ = {
			isa = PBXGroup;
			children = (
				78AE0BFE20CA3895003DE933 /* Maths.swift */,
			);
			path = Maths;
			sourceTree = "<group>";
		};
		78AE0C0020CA38B4003DE933 /* Scene */ = {
			isa = PBXGroup;
			children = (
				78AE0C0420CA38DC003DE933 /* Scene.swift */,
				78AE0C0220CA38CD003DE933 /* BasicScene.swift */,
				78AE0C0620CA38E8003DE933 /* TempScene.swift */,
			);
			path = Scene;
			sourceTree = "<group>";
		};
		827F9E281DB09E7C001966D9 = {
			isa = PBXGroup;
			children = (
				827F9E331DB09E7C001966D9 /* RayBreak */,
				827F9E321DB09E7C001966D9 /* Products */,
			);
			sourceTree = "<group>";
		};
		827F9E321DB09E7C001966D9 /* Products */ = {
			isa = PBXGroup;
			children = (
				827F9E311DB09E7C001966D9 /* RayBreak.app */,
			);
			name = Products;
			sourceTree = "<group>";
		};
		827F9E331DB09E7C001966D9 /* RayBreak */ = {
			isa = PBXGroup;
			children = (
				67B95AB920CE30F8009452CF /* Resourses */,
				78AE0C0020CA38B4003DE933 /* Scene */,
				78AE0BFD20CA3885003DE933 /* Maths */,
				78AE0BF420CA380B003DE933 /* Node */,
				827F9E341DB09E7C001966D9 /* AppDelegate.swift */,
				827F9E361DB09E7C001966D9 /* ViewController.swift */,
				827F9E381DB09E7C001966D9 /* Main.storyboard */,
				827F9E3B1DB09E7C001966D9 /* Assets.xcassets */,
				827F9E3D1DB09E7C001966D9 /* LaunchScreen.storyboard */,
				827F9E401DB09E7C001966D9 /* Info.plist */,
				78AE0BEE20CA37AB003DE933 /* Shader.metal */,
				78AE0BF020CA37D0003DE933 /* Renderer.swift */,
				78AE0BF220CA37F0003DE933 /* Types.swift */,
				78AE0C0A20CA3ACA003DE933 /* Renderable.swift */,
				78AE0C0E20CA80AF003DE933 /* Texturable.swift */,
			);
			path = RayBreak;
			sourceTree = "<group>";
		};
/* End PBXGroup section */

/* Begin PBXNativeTarget section */
		827F9E301DB09E7C001966D9 /* RayBreak */ = {
			isa = PBXNativeTarget;
			buildConfigurationList = 827F9E431DB09E7C001966D9 /* Build configuration list for PBXNativeTarget "RayBreak" */;
			buildPhases = (
				827F9E2D1DB09E7C001966D9 /* Sources */,
				827F9E2E1DB09E7C001966D9 /* Frameworks */,
				827F9E2F1DB09E7C001966D9 /* Resources */,
			);
			buildRules = (
			);
			dependencies = (
			);
			name = RayBreak;
			productName = RayBreak;
			productReference = 827F9E311DB09E7C001966D9 /* RayBreak.app */;
			productType = "com.apple.product-type.application";
		};
/* End PBXNativeTarget section */

/* Begin PBXProject section */
		827F9E291DB09E7C001966D9 /* Project object */ = {
			isa = PBXProject;
			attributes = {
				LastSwiftUpdateCheck = 0800;
				LastUpgradeCheck = 0800;
				ORGANIZATIONNAME = caroline;
				TargetAttributes = {
					827F9E301DB09E7C001966D9 = {
						CreatedOnToolsVersion = 8.0;
						DevelopmentTeam = 69PLJFK56W;
						ProvisioningStyle = Automatic;
					};
				};
			};
			buildConfigurationList = 827F9E2C1DB09E7C001966D9 /* Build configuration list for PBXProject "RayBreak" */;
			compatibilityVersion = "Xcode 3.2";
			developmentRegion = English;
			hasScannedForEncodings = 0;
			knownRegions = (
				en,
				Base,
			);
			mainGroup = 827F9E281DB09E7C001966D9;
			productRefGroup = 827F9E321DB09E7C001966D9 /* Products */;
			projectDirPath = "";
			projectRoot = "";
			targets = (
				827F9E301DB09E7C001966D9 /* RayBreak */,
			);
		};
/* End PBXProject section */

/* Begin PBXResourcesBuildPhase section */
		827F9E2F1DB09E7C001966D9 /* Resources */ = {
			isa = PBXResourcesBuildPhase;
			buildActionMask = 2147483647;
			files = (
				67D7D58120D3B17A003C1B3E /* water-2.png in Resources */,
				67D7D57C20D3B17A003C1B3E /* pencil-2.png in Resources */,
				67D7D58820D3B17A003C1B3E /* oil-2.png in Resources */,
				67D7D58B20D3B17A003C1B3E /* chalk-3.png in Resources */,
				67D7D58620D3B17A003C1B3E /* cloud-1.png in Resources */,
				67D7D59020D3B17A003C1B3E /* water-3.png in Resources */,
				67D7D57F20D3B17A003C1B3E /* cloud-3.png in Resources */,
				827F9E3F1DB09E7C001966D9 /* LaunchScreen.storyboard in Resources */,
				67D7D58F20D3B17A003C1B3E /* spray-3.png in Resources */,
				67D7D59B20D3B38E003C1B3E /* 3d.png in Resources */,
				67D7D59620D3B17A003C1B3E /* pencil-3.png in Resources */,
				67D7D59320D3B17A003C1B3E /* highlighter-1.png in Resources */,
				67D7D58E20D3B17A003C1B3E /* line-pattern.png in Resources */,
				67D7D58A20D3B17A003C1B3E /* kid-watercolor-1.png in Resources */,
				67D7D57E20D3B17A003C1B3E /* water-mask.png in Resources */,
				67D7D58220D3B17A003C1B3E /* oil-3.png in Resources */,
				67D7D58020D3B17A003C1B3E /* highlighter_sharp-1.png in Resources */,
				67D7D58D20D3B17A003C1B3E /* neon-1.png in Resources */,
				67D7D58920D3B17A003C1B3E /* kid-pencil-1.png in Resources */,
				67D7D59220D3B17A003C1B3E /* gradient-1.png in Resources */,
				67D7D55920D37A1B003C1B3E /* waterColor.png in Resources */,
				67D7D58C20D3B17A003C1B3E /* spray-2.png in Resources */,
				67D7D58420D3B17A003C1B3E /* pencil-4.png in Resources */,
				67D7D59420D3B17A003C1B3E /* pen-1.png in Resources */,
				67D7D57D20D3B17A003C1B3E /* chalk-1.png in Resources */,
				67D7D59120D3B17A003C1B3E /* cloud-2.png in Resources */,
				67D7D57B20D3B17A003C1B3E /* pattern.png in Resources */,
				6795F85D20CFAA5C0033D9C2 /* aa.jpg in Resources */,
				67B27CBD20D2739E00D57273 /* neon.png in Resources */,
				67D7D59520D3B17A003C1B3E /* pencil-1.png in Resources */,
				67D7D58320D3B17A003C1B3E /* water-1.png in Resources */,
				67D7D59720D3B17A003C1B3E /* spray-1.png in Resources */,
				67D7D58520D3B17A003C1B3E /* chalk-2.png in Resources */,
				67D7D58720D3B17A003C1B3E /* oil-1.png in Resources */,
				827F9E3C1DB09E7C001966D9 /* Assets.xcassets in Resources */,
				827F9E3A1DB09E7C001966D9 /* Main.storyboard in Resources */,
				67D7D57A20D3B17A003C1B3E /* generative-1.png in Resources */,
			);
			runOnlyForDeploymentPostprocessing = 0;
		};
/* End PBXResourcesBuildPhase section */

/* Begin PBXSourcesBuildPhase section */
		827F9E2D1DB09E7C001966D9 /* Sources */ = {
			isa = PBXSourcesBuildPhase;
			buildActionMask = 2147483647;
			files = (
				78AE0BF120CA37D0003DE933 /* Renderer.swift in Sources */,
				78AE0BEF20CA37AB003DE933 /* Shader.metal in Sources */,
				827F9E371DB09E7C001966D9 /* ViewController.swift in Sources */,
				78AE0BFF20CA3895003DE933 /* Maths.swift in Sources */,
				78AE0C0F20CA80AF003DE933 /* Texturable.swift in Sources */,
				78AE0BFC20CA3870003DE933 /* Triangle.swift in Sources */,
				78AE0BFA20CA3853003DE933 /* Primitive.swift in Sources */,
				78AE0BF620CA381B003DE933 /* Node.swift in Sources */,
				67786F1620D1367A00F8A02A /* Square.swift in Sources */,
				78AE0BF320CA37F0003DE933 /* Types.swift in Sources */,
				78AE0C0520CA38DC003DE933 /* Scene.swift in Sources */,
				78AE0C0B20CA3ACA003DE933 /* Renderable.swift in Sources */,
				827F9E351DB09E7C001966D9 /* AppDelegate.swift in Sources */,
				78AE0C0320CA38CD003DE933 /* BasicScene.swift in Sources */,
				78AE0C0720CA38E8003DE933 /* TempScene.swift in Sources */,
				78AE0BF820CA3835003DE933 /* Plane.swift in Sources */,
			);
			runOnlyForDeploymentPostprocessing = 0;
		};
/* End PBXSourcesBuildPhase section */

/* Begin PBXVariantGroup section */
		827F9E381DB09E7C001966D9 /* Main.storyboard */ = {
			isa = PBXVariantGroup;
			children = (
				827F9E391DB09E7C001966D9 /* Base */,
			);
			name = Main.storyboard;
			sourceTree = "<group>";
		};
		827F9E3D1DB09E7C001966D9 /* LaunchScreen.storyboard */ = {
			isa = PBXVariantGroup;
			children = (
				827F9E3E1DB09E7C001966D9 /* Base */,
			);
			name = LaunchScreen.storyboard;
			sourceTree = "<group>";
		};
/* End PBXVariantGroup section */

/* Begin XCBuildConfiguration section */
		827F9E411DB09E7C001966D9 /* Debug */ = {
			isa = XCBuildConfiguration;
			buildSettings = {
				ALWAYS_SEARCH_USER_PATHS = NO;
				CLANG_ANALYZER_NONNULL = YES;
				CLANG_CXX_LANGUAGE_STANDARD = "gnu++0x";
				CLANG_CXX_LIBRARY = "libc++";
				CLANG_ENABLE_MODULES = YES;
				CLANG_ENABLE_OBJC_ARC = YES;
				CLANG_WARN_BOOL_CONVERSION = YES;
				CLANG_WARN_CONSTANT_CONVERSION = YES;
				CLANG_WARN_DIRECT_OBJC_ISA_USAGE = YES_ERROR;
				CLANG_WARN_DOCUMENTATION_COMMENTS = YES;
				CLANG_WARN_EMPTY_BODY = YES;
				CLANG_WARN_ENUM_CONVERSION = YES;
				CLANG_WARN_INFINITE_RECURSION = YES;
				CLANG_WARN_INT_CONVERSION = YES;
				CLANG_WARN_OBJC_ROOT_CLASS = YES_ERROR;
				CLANG_WARN_SUSPICIOUS_MOVES = YES;
				CLANG_WARN_UNREACHABLE_CODE = YES;
				CLANG_WARN__DUPLICATE_METHOD_MATCH = YES;
				"CODE_SIGN_IDENTITY[sdk=iphoneos*]" = "iPhone Developer";
				COPY_PHASE_STRIP = NO;
				DEBUG_INFORMATION_FORMAT = dwarf;
				ENABLE_STRICT_OBJC_MSGSEND = YES;
				ENABLE_TESTABILITY = YES;
				GCC_C_LANGUAGE_STANDARD = gnu99;
				GCC_DYNAMIC_NO_PIC = NO;
				GCC_NO_COMMON_BLOCKS = YES;
				GCC_OPTIMIZATION_LEVEL = 0;
				GCC_PREPROCESSOR_DEFINITIONS = (
					"DEBUG=1",
					"$(inherited)",
				);
				GCC_WARN_64_TO_32_BIT_CONVERSION = YES;
				GCC_WARN_ABOUT_RETURN_TYPE = YES_ERROR;
				GCC_WARN_UNDECLARED_SELECTOR = YES;
				GCC_WARN_UNINITIALIZED_AUTOS = YES_AGGRESSIVE;
				GCC_WARN_UNUSED_FUNCTION = YES;
				GCC_WARN_UNUSED_VARIABLE = YES;
				IPHONEOS_DEPLOYMENT_TARGET = 10.0;
				MTL_ENABLE_DEBUG_INFO = YES;
				ONLY_ACTIVE_ARCH = YES;
				SDKROOT = iphoneos;
				SWIFT_ACTIVE_COMPILATION_CONDITIONS = DEBUG;
				SWIFT_OPTIMIZATION_LEVEL = "-Onone";
				TARGETED_DEVICE_FAMILY = "1,2";
			};
			name = Debug;
		};
		827F9E421DB09E7C001966D9 /* Release */ = {
			isa = XCBuildConfiguration;
			buildSettings = {
				ALWAYS_SEARCH_USER_PATHS = NO;
				CLANG_ANALYZER_NONNULL = YES;
				CLANG_CXX_LANGUAGE_STANDARD = "gnu++0x";
				CLANG_CXX_LIBRARY = "libc++";
				CLANG_ENABLE_MODULES = YES;
				CLANG_ENABLE_OBJC_ARC = YES;
				CLANG_WARN_BOOL_CONVERSION = YES;
				CLANG_WARN_CONSTANT_CONVERSION = YES;
				CLANG_WARN_DIRECT_OBJC_ISA_USAGE = YES_ERROR;
				CLANG_WARN_DOCUMENTATION_COMMENTS = YES;
				CLANG_WARN_EMPTY_BODY = YES;
				CLANG_WARN_ENUM_CONVERSION = YES;
				CLANG_WARN_INFINITE_RECURSION = YES;
				CLANG_WARN_INT_CONVERSION = YES;
				CLANG_WARN_OBJC_ROOT_CLASS = YES_ERROR;
				CLANG_WARN_SUSPICIOUS_MOVES = YES;
				CLANG_WARN_UNREACHABLE_CODE = YES;
				CLANG_WARN__DUPLICATE_METHOD_MATCH = YES;
				"CODE_SIGN_IDENTITY[sdk=iphoneos*]" = "iPhone Developer";
				COPY_PHASE_STRIP = NO;
				DEBUG_INFORMATION_FORMAT = "dwarf-with-dsym";
				ENABLE_NS_ASSERTIONS = NO;
				ENABLE_STRICT_OBJC_MSGSEND = YES;
				GCC_C_LANGUAGE_STANDARD = gnu99;
				GCC_NO_COMMON_BLOCKS = YES;
				GCC_WARN_64_TO_32_BIT_CONVERSION = YES;
				GCC_WARN_ABOUT_RETURN_TYPE = YES_ERROR;
				GCC_WARN_UNDECLARED_SELECTOR = YES;
				GCC_WARN_UNINITIALIZED_AUTOS = YES_AGGRESSIVE;
				GCC_WARN_UNUSED_FUNCTION = YES;
				GCC_WARN_UNUSED_VARIABLE = YES;
				IPHONEOS_DEPLOYMENT_TARGET = 10.0;
				MTL_ENABLE_DEBUG_INFO = NO;
				SDKROOT = iphoneos;
				SWIFT_OPTIMIZATION_LEVEL = "-Owholemodule";
				TARGETED_DEVICE_FAMILY = "1,2";
				VALIDATE_PRODUCT = YES;
			};
			name = Release;
		};
		827F9E441DB09E7C001966D9 /* Debug */ = {
			isa = XCBuildConfiguration;
			buildSettings = {
				ASSETCATALOG_COMPILER_APPICON_NAME = AppIcon;
				DEVELOPMENT_TEAM = 69PLJFK56W;
				INFOPLIST_FILE = RayBreak/Info.plist;
				IPHONEOS_DEPLOYMENT_TARGET = 9.0;
				LD_RUNPATH_SEARCH_PATHS = "$(inherited) @executable_path/Frameworks";
				PRODUCT_BUNDLE_IDENTIFIER = com.caroline.RayBreak;
				PRODUCT_NAME = "$(TARGET_NAME)";
				SWIFT_VERSION = 4.0;
			};
			name = Debug;
		};
		827F9E451DB09E7C001966D9 /* Release */ = {
			isa = XCBuildConfiguration;
			buildSettings = {
				ASSETCATALOG_COMPILER_APPICON_NAME = AppIcon;
				DEVELOPMENT_TEAM = 69PLJFK56W;
				INFOPLIST_FILE = RayBreak/Info.plist;
				IPHONEOS_DEPLOYMENT_TARGET = 9.0;
				LD_RUNPATH_SEARCH_PATHS = "$(inherited) @executable_path/Frameworks";
				PRODUCT_BUNDLE_IDENTIFIER = com.caroline.RayBreak;
				PRODUCT_NAME = "$(TARGET_NAME)";
				SWIFT_VERSION = 4.0;
			};
			name = Release;
		};
/* End XCBuildConfiguration section */

/* Begin XCConfigurationList section */
		827F9E2C1DB09E7C001966D9 /* Build configuration list for PBXProject "RayBreak" */ = {
			isa = XCConfigurationList;
			buildConfigurations = (
				827F9E411DB09E7C001966D9 /* Debug */,
				827F9E421DB09E7C001966D9 /* Release */,
			);
			defaultConfigurationIsVisible = 0;
			defaultConfigurationName = Release;
		};
		827F9E431DB09E7C001966D9 /* Build configuration list for PBXNativeTarget "RayBreak" */ = {
			isa = XCConfigurationList;
			buildConfigurations = (
				827F9E441DB09E7C001966D9 /* Debug */,
				827F9E451DB09E7C001966D9 /* Release */,
			);
			defaultConfigurationIsVisible = 0;
			defaultConfigurationName = Release;
		};
/* End XCConfigurationList section */
	};
	rootObject = 827F9E291DB09E7C001966D9 /* Project object */;
}
